{
  "name": "mon-portfolio",
  "version": "0.1.0",
  "lockfileVersion": 1,
  "requires": true,
  "dependencies": {
    "@next/env": {
      "version": "12.1.7-canary.29",
      "resolved": "https://registry.npmjs.org/@next/env/-/env-12.1.7-canary.29.tgz",
      "integrity": "sha512-36l4x74ul94lqddrBiCHuq0d7vj00WYXiqEMcvvlrbFxwpdSKEMWxpqHpzP4gQi5Kz2kqJ0m63o1SgITsdGWqw=="
    },
    "@next/swc-android-arm-eabi": {
      "version": "12.1.7-canary.29",
      "resolved": "https://registry.npmjs.org/@next/swc-android-arm-eabi/-/swc-android-arm-eabi-12.1.7-canary.29.tgz",
      "integrity": "sha512-jUxPUfN+WipDovzC1TP6aZz+zFTCNeD4Z6EVCzby0S6tB2D88/UslGKOj4j9qXA04B1aJrO58M4ZX1fcDNHn6g==",
      "optional": true
    },
    "@next/swc-android-arm64": {
      "version": "12.1.7-canary.29",
      "resolved": "https://registry.npmjs.org/@next/swc-android-arm64/-/swc-android-arm64-12.1.7-canary.29.tgz",
      "integrity": "sha512-o2pk+SDeloVlic7sH5uosHQ8xNRE0A4SaWS4ccF9pTo3MfbfV6nqMfl308BP/z2UpSlEaqzBe/rpZalSUAtm5g==",
      "optional": true
    },
    "@next/swc-darwin-arm64": {
      "version": "12.1.7-canary.29",
      "resolved": "https://registry.npmjs.org/@next/swc-darwin-arm64/-/swc-darwin-arm64-12.1.7-canary.29.tgz",
      "integrity": "sha512-yitoEj3zQ2kIjXrMsmYqrQSaFCqmZl+07o8m9iPH+EcDQPiN6j2CKtVcjbUYP9wHD8JjTXJKqDVg7uieOXUymw==",
      "optional": true
    },
    "@next/swc-darwin-x64": {
      "version": "12.1.7-canary.29",
      "resolved": "https://registry.npmjs.org/@next/swc-darwin-x64/-/swc-darwin-x64-12.1.7-canary.29.tgz",
      "integrity": "sha512-vrFFY591690Jpf3j0mpGU26yqz6vf7AcMyEjXvhHWKumEbY8K3M3+/iD3TJIEraGDJSuFCsM7nOlEsPY63P+2Q==",
      "optional": true
    },
    "@next/swc-freebsd-x64": {
      "version": "12.1.7-canary.29",
      "resolved": "https://registry.npmjs.org/@next/swc-freebsd-x64/-/swc-freebsd-x64-12.1.7-canary.29.tgz",
      "integrity": "sha512-Ni9HFw4IGFOQkqUVObHHVLfL4m+cVvpzVTRNZgp5XNnGmNC0o3uE0u8Wu6HPMVMR1H5OjMwgaAscxev6hg6wuA==",
      "optional": true
    },
    "@next/swc-linux-arm-gnueabihf": {
      "version": "12.1.7-canary.29",
      "resolved": "https://registry.npmjs.org/@next/swc-linux-arm-gnueabihf/-/swc-linux-arm-gnueabihf-12.1.7-canary.29.tgz",
      "integrity": "sha512-pmHz6dSKhf8wBn3ELGd3phubPgYcNTR8fvjR0sGm/Ph7ZcmFgVJ2sQQZCiGcRtg3XZriGrtf0ZqRh5ODaCX03Q==",
      "optional": true
    },
    "@next/swc-linux-arm64-gnu": {
      "version": "12.1.7-canary.29",
      "resolved": "https://registry.npmjs.org/@next/swc-linux-arm64-gnu/-/swc-linux-arm64-gnu-12.1.7-canary.29.tgz",
      "integrity": "sha512-MOGQPjVvtibbHnXF7rgDO0e+0IkuxzDL6AWnVbKUq4EnDyDPvBr7F/zGmZntyQmg7PFM1twlcoxyIVSb3bpaRA==",
      "optional": true
    },
    "@next/swc-linux-arm64-musl": {
      "version": "12.1.7-canary.29",
      "resolved": "https://registry.npmjs.org/@next/swc-linux-arm64-musl/-/swc-linux-arm64-musl-12.1.7-canary.29.tgz",
      "integrity": "sha512-VgCyebZU1uf5a6LVkjEbFZ9ZdJQ/0pvGHsrWW5CL90RprDuu09WnDVhP+tut9A4gUEYakkz54NpB/ToAwXohwg==",
      "optional": true
    },
    "@next/swc-linux-x64-gnu": {
      "version": "12.1.7-canary.29",
      "resolved": "https://registry.npmjs.org/@next/swc-linux-x64-gnu/-/swc-linux-x64-gnu-12.1.7-canary.29.tgz",
      "integrity": "sha512-+CGZvVVBvujUlioaw/3fTtWKdBzoA+pdg6Sdj2uIONAo3Iz9jWolV+SSB5mEIDoms82oJrurW28POietyHAMUQ==",
      "optional": true
    },
    "@next/swc-linux-x64-musl": {
      "version": "12.1.7-canary.29",
      "resolved": "https://registry.npmjs.org/@next/swc-linux-x64-musl/-/swc-linux-x64-musl-12.1.7-canary.29.tgz",
      "integrity": "sha512-LaCbMUA6Yfo7n0+EhKT3gDOmA0ly7HQiHeLYvZClYRe/k+KJuAyz2lXWrN/b7q15raE5bDNgylTK+qV8ntG9GA==",
      "optional": true
    },
    "@next/swc-win32-arm64-msvc": {
      "version": "12.1.7-canary.29",
      "resolved": "https://registry.npmjs.org/@next/swc-win32-arm64-msvc/-/swc-win32-arm64-msvc-12.1.7-canary.29.tgz",
      "integrity": "sha512-NjjjopR1JSh1cxlsxDZmJJc7K8kU/DcT2tTgEMeIICjbXdq8fPEY0jegDEf/C1LurAK8Yl2JTsi17thriUW+dQ==",
      "optional": true
    },
    "@next/swc-win32-ia32-msvc": {
      "version": "12.1.7-canary.29",
      "resolved": "https://registry.npmjs.org/@next/swc-win32-ia32-msvc/-/swc-win32-ia32-msvc-12.1.7-canary.29.tgz",
      "integrity": "sha512-Fm9ZUNPZNZZvkHZSf1CbyZNcOwKMcb6tZ1JP9W14qoUq6LcInc4ybzd2mu6mjOoa5QLtZYzvywL2sGc2Bl8ljw==",
      "optional": true
    },
    "@next/swc-win32-x64-msvc": {
      "version": "12.1.7-canary.29",
      "resolved": "https://registry.npmjs.org/@next/swc-win32-x64-msvc/-/swc-win32-x64-msvc-12.1.7-canary.29.tgz",
      "integrity": "sha512-jqNdWC7N15Z2SK51OkKsSw5Qg3scoix6o52dkicRhNJ4vV7hmV2KBFgh3Scvlz604dfe7ie9gho2lNaKYI13Tg==",
      "optional": true
    },
    "@react-spring/animated": {
      "version": "9.4.5",
      "resolved": "https://registry.npmjs.org/@react-spring/animated/-/animated-9.4.5.tgz",
      "integrity": "sha512-KWqrtvJSMx6Fj9nMJkhTwM9r6LIriExDRV6YHZV9HKQsaolUFppgkOXpC+rsL1JEtEvKv6EkLLmSqHTnuYjiIA==",
      "requires": {
        "@react-spring/shared": "~9.4.5",
        "@react-spring/types": "~9.4.5"
      }
    },
    "@react-spring/core": {
      "version": "9.4.5",
      "resolved": "https://registry.npmjs.org/@react-spring/core/-/core-9.4.5.tgz",
      "integrity": "sha512-83u3FzfQmGMJFwZLAJSwF24/ZJctwUkWtyPD7KYtNagrFeQKUH1I05ZuhmCmqW+2w1KDW1SFWQ43RawqfXKiiQ==",
      "requires": {
        "@react-spring/animated": "~9.4.5",
        "@react-spring/rafz": "~9.4.5",
        "@react-spring/shared": "~9.4.5",
        "@react-spring/types": "~9.4.5"
      }
    },
    "@react-spring/parallax": {
      "version": "9.4.5",
      "resolved": "https://registry.npmjs.org/@react-spring/parallax/-/parallax-9.4.5.tgz",
      "integrity": "sha512-oN677+AFie3rpoD/02m6FXu5RARabztJTs1SywrmeLQlFJtx/gGL9eqSgUWbTtBQ3wV7FDzJ9knjkTwFLW8GPA==",
      "requires": {
        "@react-spring/shared": "~9.4.5",
        "@react-spring/web": "~9.4.5"
      }
    },
    "@react-spring/rafz": {
      "version": "9.4.5",
      "resolved": "https://registry.npmjs.org/@react-spring/rafz/-/rafz-9.4.5.tgz",
      "integrity": "sha512-swGsutMwvnoyTRxvqhfJBtGM8Ipx6ks0RkIpNX9F/U7XmyPvBMGd3GgX/mqxZUpdlsuI1zr/jiYw+GXZxAlLcQ=="
    },
    "@react-spring/shared": {
      "version": "9.4.5",
      "resolved": "https://registry.npmjs.org/@react-spring/shared/-/shared-9.4.5.tgz",
      "integrity": "sha512-JhMh3nFKsqyag0KM5IIM8BQANGscTdd0mMv3BXsUiMZrcjQTskyfnv5qxEeGWbJGGar52qr5kHuBHtCjQOzniA==",
      "requires": {
        "@react-spring/rafz": "~9.4.5",
        "@react-spring/types": "~9.4.5"
      }
    },
    "@react-spring/types": {
      "version": "9.4.5",
      "resolved": "https://registry.npmjs.org/@react-spring/types/-/types-9.4.5.tgz",
      "integrity": "sha512-mpRIamoHwql0ogxEUh9yr4TP0xU5CWyZxVQeccGkHHF8kPMErtDXJlxyo0lj+telRF35XNihtPTWoflqtyARmg=="
    },
    "@react-spring/web": {
      "version": "9.4.5",
      "resolved": "https://registry.npmjs.org/@react-spring/web/-/web-9.4.5.tgz",
      "integrity": "sha512-NGAkOtKmOzDEctL7MzRlQGv24sRce++0xAY7KlcxmeVkR7LRSGkoXHaIfm9ObzxPMcPHQYQhf3+X9jepIFNHQA==",
      "requires": {
        "@react-spring/animated": "~9.4.5",
        "@react-spring/core": "~9.4.5",
        "@react-spring/shared": "~9.4.5",
        "@react-spring/types": "~9.4.5"
      }
    },
    "bezier-easing": {
      "version": "2.1.0",
      "resolved": "https://registry.npmjs.org/bezier-easing/-/bezier-easing-2.1.0.tgz",
      "integrity": "sha512-gbIqZ/eslnUFC1tjEvtz0sgx+xTK20wDnYMIA27VA04R7w6xxXQPZDbibjA9DTWZRA2CXtwHykkVzlCaAJAZig=="
    },
    "bootstrap": {
      "version": "5.1.3",
      "resolved": "https://registry.npmjs.org/bootstrap/-/bootstrap-5.1.3.tgz",
      "integrity": "sha512-fcQztozJ8jToQWXxVuEyXWW+dSo8AiXWKwiSSrKWsRB/Qt+Ewwza+JWoLKiTuQLaEPhdNAJ7+Dosc9DOIqNy7Q=="
    },
    "caniuse-lite": {
      "version": "1.0.30001346",
      "resolved": "https://registry.npmjs.org/caniuse-lite/-/caniuse-lite-1.0.30001346.tgz",
      "integrity": "sha512-q6ibZUO2t88QCIPayP/euuDREq+aMAxFE5S70PkrLh0iTDj/zEhgvJRKC2+CvXY6EWc6oQwUR48lL5vCW6jiXQ=="
    },
    "js-tokens": {
      "version": "4.0.0",
      "resolved": "https://registry.npmjs.org/js-tokens/-/js-tokens-4.0.0.tgz",
      "integrity": "sha512-RdJUflcE3cUzKiMqQgsCu06FPu9UdIJO0beYbPhHN4k6apgJtifcoCtT9bcxOpYBtpD2kCM6Sbzg4CausW/PKQ=="
    },
    "loose-envify": {
      "version": "1.4.0",
      "resolved": "https://registry.npmjs.org/loose-envify/-/loose-envify-1.4.0.tgz",
      "integrity": "sha512-lyuxPGr/Wfhrlem2CL/UcnUc1zcqKAImBDzukY7Y5F/yQiNdko6+fRLevlw1HgMySw7f611UIY408EtxRSoK3Q==",
      "requires": {
        "js-tokens": "^3.0.0 || ^4.0.0"
      }
    },
    "nanoid": {
      "version": "3.3.4",
      "resolved": "https://registry.npmjs.org/nanoid/-/nanoid-3.3.4.tgz",
      "integrity": "sha512-MqBkQh/OHTS2egovRtLk45wEyNXwF+cokD+1YPf9u5VfJiRdAiRwB2froX5Co9Rh20xs4siNPm8naNotSD6RBw=="
    },
    "next": {
      "version": "12.1.7-canary.29",
      "resolved": "https://registry.npmjs.org/next/-/next-12.1.7-canary.29.tgz",
      "integrity": "sha512-tFghClc38QtGFVzAQXcuhTc728FFGRaKYN2QFXsrownIioZk7ZqsT9DCTqXkaVO9+GfkKgcuvsFRNvE4lfgBOw==",
      "requires": {
        "@next/env": "12.1.7-canary.29",
        "@next/swc-android-arm-eabi": "12.1.7-canary.29",
        "@next/swc-android-arm64": "12.1.7-canary.29",
        "@next/swc-darwin-arm64": "12.1.7-canary.29",
        "@next/swc-darwin-x64": "12.1.7-canary.29",
        "@next/swc-freebsd-x64": "12.1.7-canary.29",
        "@next/swc-linux-arm-gnueabihf": "12.1.7-canary.29",
        "@next/swc-linux-arm64-gnu": "12.1.7-canary.29",
        "@next/swc-linux-arm64-musl": "12.1.7-canary.29",
        "@next/swc-linux-x64-gnu": "12.1.7-canary.29",
        "@next/swc-linux-x64-musl": "12.1.7-canary.29",
        "@next/swc-win32-arm64-msvc": "12.1.7-canary.29",
        "@next/swc-win32-ia32-msvc": "12.1.7-canary.29",
        "@next/swc-win32-x64-msvc": "12.1.7-canary.29",
        "caniuse-lite": "^1.0.30001332",
        "postcss": "8.4.5",
        "styled-jsx": "5.0.2",
        "use-sync-external-store": "1.1.0"
      }
    },
    "parallax-controller": {
      "version": "1.5.0",
      "resolved": "https://registry.npmjs.org/parallax-controller/-/parallax-controller-1.5.0.tgz",
      "integrity": "sha512-X7FKD0bH27hJHdknH/UNEznmw6xjcWz/QA4M6RLlE/gUXfbePKhk+ld/20e58aAfjMqj+Q7RURryISFcDIVmtA==",
      "requires": {
        "bezier-easing": "^2.1.0"
      }
    },
    "picocolors": {
      "version": "1.0.0",
      "resolved": "https://registry.npmjs.org/picocolors/-/picocolors-1.0.0.tgz",
      "integrity": "sha512-1fygroTLlHu66zi26VoTDv8yRgm0Fccecssto+MhsZ0D/DGW2sm8E8AjW7NU5VVTRt5GxbeZ5qBuJr+HyLYkjQ=="
    },
    "postcss": {
      "version": "8.4.5",
      "resolved": "https://registry.npmjs.org/postcss/-/postcss-8.4.5.tgz",
      "integrity": "sha512-jBDboWM8qpaqwkMwItqTQTiFikhs/67OYVvblFFTM7MrZjt6yMKd6r2kgXizEbTTljacm4NldIlZnhbjr84QYg==",
      "requires": {
        "nanoid": "^3.1.30",
        "picocolors": "^1.0.0",
        "source-map-js": "^1.0.1"
      }
    },
    "react": {
      "version": "18.1.0",
      "resolved": "https://registry.npmjs.org/react/-/react-18.1.0.tgz",
      "integrity": "sha512-4oL8ivCz5ZEPyclFQXaNksK3adutVS8l2xzZU0cqEFrE9Sb7fC0EFK5uEk74wIreL1DERyjvsU915j1pcT2uEQ==",
      "requires": {
        "loose-envify": "^1.1.0"
      }
    },
    "react-dom": {
      "version": "18.1.0",
      "resolved": "https://registry.npmjs.org/react-dom/-/react-dom-18.1.0.tgz",
      "integrity": "sha512-fU1Txz7Budmvamp7bshe4Zi32d0ll7ect+ccxNu9FlObT605GOEB8BfO4tmRJ39R5Zj831VCpvQ05QPBW5yb+w==",
      "requires": {
        "loose-envify": "^1.1.0",
        "scheduler": "^0.22.0"
      }
    },
    "react-scroll-parallax": {
      "version": "3.2.0",
      "resolved": "https://registry.npmjs.org/react-scroll-parallax/-/react-scroll-parallax-3.2.0.tgz",
      "integrity": "sha512-jZYFHbO+pE+IbNacHCpBKqw+WhGTA7t5WmXmQzC8i4DGdSYJ25d64R7ZD02K3CwMWdw5uKuc1LUZX/0OA/HCVA==",
      "requires": {
        "parallax-controller": "^1.5.0"
      }
    },
    "scheduler": {
      "version": "0.22.0",
      "resolved": "https://registry.npmjs.org/scheduler/-/scheduler-0.22.0.tgz",
      "integrity": "sha512-6QAm1BgQI88NPYymgGQLCZgvep4FyePDWFpXVK+zNSUgHwlqpJy8VEh8Et0KxTACS4VWwMousBElAZOH9nkkoQ==",
      "requires": {
        "loose-envify": "^1.1.0"
      }
    },
    "source-map-js": {
      "version": "1.0.2",
      "resolved": "https://registry.npmjs.org/source-map-js/-/source-map-js-1.0.2.tgz",
      "integrity": "sha512-R0XvVJ9WusLiqTCEiGCmICCMplcCkIwwR11mOSD9CR5u+IXYdiseeEuXCVAjS54zqwkLcPNnmU4OeJ6tUrWhDw=="
    },
    "styled-jsx": {
      "version": "5.0.2",
      "resolved": "https://registry.npmjs.org/styled-jsx/-/styled-jsx-5.0.2.tgz",
      "integrity": "sha512-LqPQrbBh3egD57NBcHET4qcgshPks+yblyhPlH2GY8oaDgKs8SK4C3dBh3oSJjgzJ3G5t1SYEZGHkP+QEpX9EQ=="
    },
    "use-sync-external-store": {
      "version": "1.1.0",
      "resolved": "https://registry.npmjs.org/use-sync-external-store/-/use-sync-external-store-1.1.0.tgz",
      "integrity": "sha512-SEnieB2FPKEVne66NpXPd1Np4R1lTNKfjuy3XdIoPQKYBAFdzbzSZlSn1KJZUiihQLQC5Znot4SBz1EOTBwQAQ=="
    }
  }
}
